// !$*UTF8*$!
{
	archiveVersion = 1;
	classes = {
	};
	objectVersion = 46;
	objects = {

/* Begin PBXAggregateTarget section */
		"CNKit::CNKitPackageTests::ProductTarget" /* CNKitPackageTests */ = {
			isa = PBXAggregateTarget;
			buildConfigurationList = OBJ_62 /* Build configuration list for PBXAggregateTarget "CNKitPackageTests" */;
			buildPhases = (
			);
			dependencies = (
				OBJ_65 /* PBXTargetDependency */,
			);
			name = CNKitPackageTests;
			productName = CNKitPackageTests;
		};
/* End PBXAggregateTarget section */

/* Begin PBXBuildFile section */
		39185D781F658E0A00003BDD /* Campus.swift in Sources */ = {isa = PBXBuildFile; fileRef = OBJ_18 /* Campus.swift */; };
		39185D791F658E0E00003BDD /* Building.swift in Sources */ = {isa = PBXBuildFile; fileRef = OBJ_17 /* Building.swift */; };
		39185D7C1F6608DF00003BDD /* AccessibilityInfoTests.swift in Sources */ = {isa = PBXBuildFile; fileRef = 39185D7B1F6608DF00003BDD /* AccessibilityInfoTests.swift */; };
		393F6FC31F69778C004D9BCC /* FloorTests.swift in Sources */ = {isa = PBXBuildFile; fileRef = 393F6FC21F69778C004D9BCC /* FloorTests.swift */; };
		393F6FC51F69FA5F004D9BCC /* Color.swift in Sources */ = {isa = PBXBuildFile; fileRef = 393F6FC41F69FA5F004D9BCC /* Color.swift */; };
		395B61711F76C1A900B76DA6 /* ResourceDecodable.swift in Sources */ = {isa = PBXBuildFile; fileRef = 395B61701F76C1A900B76DA6 /* ResourceDecodable.swift */; };
		3973A3601F6BF2D300ECE236 /* Trillian.swift in Sources */ = {isa = PBXBuildFile; fileRef = 3973A35F1F6BF2D300ECE236 /* Trillian.swift */; };
		3973A3621F6BFB7E00ECE236 /* RoomInfoTests.swift in Sources */ = {isa = PBXBuildFile; fileRef = 3973A3611F6BFB7E00ECE236 /* RoomInfoTests.swift */; };
		397AB8121F6D3A4E00D402CC /* CNResource.swift in Sources */ = {isa = PBXBuildFile; fileRef = 397AB8111F6D3A4E00D402CC /* CNResource.swift */; };
		398149301F6A048100C6B9E3 /* Timetable.swift in Sources */ = {isa = PBXBuildFile; fileRef = 3981492E1F6A047800C6B9E3 /* Timetable.swift */; };
		398149321F6A068300C6B9E3 /* TimetableTests.swift in Sources */ = {isa = PBXBuildFile; fileRef = 398149311F6A068300C6B9E3 /* TimetableTests.swift */; };
		398149341F6A925A00C6B9E3 /* RoomInfo.swift in Sources */ = {isa = PBXBuildFile; fileRef = 398149331F6A925A00C6B9E3 /* RoomInfo.swift */; };
		398149361F6B233000C6B9E3 /* RoomType.swift in Sources */ = {isa = PBXBuildFile; fileRef = 398149351F6B233000C6B9E3 /* RoomType.swift */; };
		3990B5981F71332B00A58ACD /* URL.swift in Sources */ = {isa = PBXBuildFile; fileRef = 3990B5971F71332B00A58ACD /* URL.swift */; };
		3990B59A1F71350100A58ACD /* Dictionary.swift in Sources */ = {isa = PBXBuildFile; fileRef = 3990B5991F71350100A58ACD /* Dictionary.swift */; };
		3990B59C1F71538C00A58ACD /* Tiles.swift in Sources */ = {isa = PBXBuildFile; fileRef = 3990B59B1F71538C00A58ACD /* Tiles.swift */; };
		3990B59E1F71561C00A58ACD /* TilesTests.swift in Sources */ = {isa = PBXBuildFile; fileRef = 3990B59D1F71561C00A58ACD /* TilesTests.swift */; };
		3990B5A01F7262E700A58ACD /* MKMapRectTests.swift in Sources */ = {isa = PBXBuildFile; fileRef = 3990B59F1F7262E700A58ACD /* MKMapRectTests.swift */; };
		3990B5A21F72661800A58ACD /* ErrorTests.swift in Sources */ = {isa = PBXBuildFile; fileRef = 3990B5A11F72661800A58ACD /* ErrorTests.swift */; };
		3990B5A41F72687B00A58ACD /* ResultTests.swift in Sources */ = {isa = PBXBuildFile; fileRef = 3990B5A31F72687B00A58ACD /* ResultTests.swift */; };
		3990B5A61F726C6600A58ACD /* ColorTests.swift in Sources */ = {isa = PBXBuildFile; fileRef = 3990B5A51F726C6600A58ACD /* ColorTests.swift */; };
		39A6657A1F6C5297000FA88B /* Login.swift in Sources */ = {isa = PBXBuildFile; fileRef = 39A665791F6C5297000FA88B /* Login.swift */; };
		39A6657C1F6C5442000FA88B /* URLRequest.swift in Sources */ = {isa = PBXBuildFile; fileRef = 39A6657B1F6C5442000FA88B /* URLRequest.swift */; };
		39A6657E1F6C5CDF000FA88B /* LoginTests.swift in Sources */ = {isa = PBXBuildFile; fileRef = 39A6657D1F6C5CDF000FA88B /* LoginTests.swift */; };
		39B531601F66B031008EE183 /* BuildingComplexTests.swift in Sources */ = {isa = PBXBuildFile; fileRef = 39B5315F1F66B031008EE183 /* BuildingComplexTests.swift */; };
		39B531621F66C128008EE183 /* Floor.swift in Sources */ = {isa = PBXBuildFile; fileRef = 39B531611F66C128008EE183 /* Floor.swift */; };
		39B71CC71F6C625F00342208 /* Route.swift in Sources */ = {isa = PBXBuildFile; fileRef = 39B71CC61F6C625F00342208 /* Route.swift */; };
		39B71CC91F6C671400342208 /* APIError.swift in Sources */ = {isa = PBXBuildFile; fileRef = 39B71CC81F6C671400342208 /* APIError.swift */; };
		39B71CCB1F6C89CC00342208 /* RouteTests.swift in Sources */ = {isa = PBXBuildFile; fileRef = 39B71CCA1F6C89CC00342208 /* RouteTests.swift */; };
		39B71CCD1F6C8F1D00342208 /* Search.swift in Sources */ = {isa = PBXBuildFile; fileRef = 39B71CCC1F6C8F1D00342208 /* Search.swift */; };
		39B71CCF1F6C90B600342208 /* SearchTests.swift in Sources */ = {isa = PBXBuildFile; fileRef = 39B71CCE1F6C90B600342208 /* SearchTests.swift */; };
		39B976D21F706A6400F6F0AD /* CNResourceTests.swift in Sources */ = {isa = PBXBuildFile; fileRef = 39B976D11F706A6400F6F0AD /* CNResourceTests.swift */; };
		39B976D41F70795100F6F0AD /* String.swift in Sources */ = {isa = PBXBuildFile; fileRef = 39B976D31F70795100F6F0AD /* String.swift */; };
		39C8ED211F72949F00AD3DE2 /* CampusTests.swift in Sources */ = {isa = PBXBuildFile; fileRef = 39C8ED201F72949F00AD3DE2 /* CampusTests.swift */; };
		39C8ED241F745E2D00AD3DE2 /* Int.swift in Sources */ = {isa = PBXBuildFile; fileRef = 39C8ED231F745E2D00AD3DE2 /* Int.swift */; };
		39D25BCB1F6C94D900FAFDB6 /* CanteenMenu.swift in Sources */ = {isa = PBXBuildFile; fileRef = 39D25BCA1F6C94D900FAFDB6 /* CanteenMenu.swift */; };
		39D25BCD1F6C967F00FAFDB6 /* CanteenMenuTests.swift in Sources */ = {isa = PBXBuildFile; fileRef = 39D25BCC1F6C967F00FAFDB6 /* CanteenMenuTests.swift */; };
		39FA4AE91F75CD83003DF5F3 /* CNResourceRepresentable.swift in Sources */ = {isa = PBXBuildFile; fileRef = 39FA4AE81F75CD83003DF5F3 /* CNResourceRepresentable.swift */; };
		OBJ_34 /* Package.swift in Sources */ = {isa = PBXBuildFile; fileRef = OBJ_6 /* Package.swift */; };
		OBJ_41 /* HashTests.swift in Sources */ = {isa = PBXBuildFile; fileRef = OBJ_24 /* HashTests.swift */; };
		OBJ_43 /* CNKit.framework in Frameworks */ = {isa = PBXBuildFile; fileRef = "CNKit::CNKit::Product" /* CNKit.framework */; };
		OBJ_50 /* APIResource.swift in Sources */ = {isa = PBXBuildFile; fileRef = OBJ_9 /* APIResource.swift */; };
		OBJ_52 /* Config.swift in Sources */ = {isa = PBXBuildFile; fileRef = OBJ_11 /* Config.swift */; };
		OBJ_53 /* Error.swift in Sources */ = {isa = PBXBuildFile; fileRef = OBJ_12 /* Error.swift */; };
		OBJ_54 /* MKMapRect.swift in Sources */ = {isa = PBXBuildFile; fileRef = OBJ_14 /* MKMapRect.swift */; };
		OBJ_58 /* Hash.swift in Sources */ = {isa = PBXBuildFile; fileRef = OBJ_19 /* Hash.swift */; };
		OBJ_59 /* Result.swift in Sources */ = {isa = PBXBuildFile; fileRef = OBJ_20 /* Result.swift */; };
/* End PBXBuildFile section */

/* Begin PBXContainerItemProxy section */
		39185D751F641AC900003BDD /* PBXContainerItemProxy */ = {
			isa = PBXContainerItemProxy;
			containerPortal = OBJ_1 /* Project object */;
			proxyType = 1;
			remoteGlobalIDString = "CNKit::CNKit";
			remoteInfo = CNKit;
		};
		39185D761F641AC900003BDD /* PBXContainerItemProxy */ = {
			isa = PBXContainerItemProxy;
			containerPortal = OBJ_1 /* Project object */;
			proxyType = 1;
			remoteGlobalIDString = "CNKit::CNKitTests";
			remoteInfo = CNKitTests;
		};
/* End PBXContainerItemProxy section */

/* Begin PBXFileReference section */
		39185D771F641D3200003BDD /* README.md */ = {isa = PBXFileReference; lastKnownFileType = net.daringfireball.markdown; path = README.md; sourceTree = "<group>"; };
		39185D7B1F6608DF00003BDD /* AccessibilityInfoTests.swift */ = {isa = PBXFileReference; lastKnownFileType = sourcecode.swift; path = AccessibilityInfoTests.swift; sourceTree = "<group>"; };
		393F6FC21F69778C004D9BCC /* FloorTests.swift */ = {isa = PBXFileReference; lastKnownFileType = sourcecode.swift; path = FloorTests.swift; sourceTree = "<group>"; };
		393F6FC41F69FA5F004D9BCC /* Color.swift */ = {isa = PBXFileReference; lastKnownFileType = sourcecode.swift; path = Color.swift; sourceTree = "<group>"; };
		395B61701F76C1A900B76DA6 /* ResourceDecodable.swift */ = {isa = PBXFileReference; lastKnownFileType = sourcecode.swift; path = ResourceDecodable.swift; sourceTree = "<group>"; };
		3973A35F1F6BF2D300ECE236 /* Trillian.swift */ = {isa = PBXFileReference; lastKnownFileType = sourcecode.swift; path = Trillian.swift; sourceTree = "<group>"; };
		3973A3611F6BFB7E00ECE236 /* RoomInfoTests.swift */ = {isa = PBXFileReference; lastKnownFileType = sourcecode.swift; path = RoomInfoTests.swift; sourceTree = "<group>"; };
		397AB8111F6D3A4E00D402CC /* CNResource.swift */ = {isa = PBXFileReference; lastKnownFileType = sourcecode.swift; path = CNResource.swift; sourceTree = "<group>"; };
		3981492E1F6A047800C6B9E3 /* Timetable.swift */ = {isa = PBXFileReference; lastKnownFileType = sourcecode.swift; path = Timetable.swift; sourceTree = "<group>"; };
		398149311F6A068300C6B9E3 /* TimetableTests.swift */ = {isa = PBXFileReference; lastKnownFileType = sourcecode.swift; path = TimetableTests.swift; sourceTree = "<group>"; };
		398149331F6A925A00C6B9E3 /* RoomInfo.swift */ = {isa = PBXFileReference; lastKnownFileType = sourcecode.swift; path = RoomInfo.swift; sourceTree = "<group>"; };
		398149351F6B233000C6B9E3 /* RoomType.swift */ = {isa = PBXFileReference; lastKnownFileType = sourcecode.swift; path = RoomType.swift; sourceTree = "<group>"; };
		3990B5971F71332B00A58ACD /* URL.swift */ = {isa = PBXFileReference; lastKnownFileType = sourcecode.swift; path = URL.swift; sourceTree = "<group>"; };
		3990B5991F71350100A58ACD /* Dictionary.swift */ = {isa = PBXFileReference; lastKnownFileType = sourcecode.swift; path = Dictionary.swift; sourceTree = "<group>"; };
		3990B59B1F71538C00A58ACD /* Tiles.swift */ = {isa = PBXFileReference; lastKnownFileType = sourcecode.swift; path = Tiles.swift; sourceTree = "<group>"; };
		3990B59D1F71561C00A58ACD /* TilesTests.swift */ = {isa = PBXFileReference; lastKnownFileType = sourcecode.swift; path = TilesTests.swift; sourceTree = "<group>"; };
		3990B59F1F7262E700A58ACD /* MKMapRectTests.swift */ = {isa = PBXFileReference; lastKnownFileType = sourcecode.swift; path = MKMapRectTests.swift; sourceTree = "<group>"; };
		3990B5A11F72661800A58ACD /* ErrorTests.swift */ = {isa = PBXFileReference; lastKnownFileType = sourcecode.swift; path = ErrorTests.swift; sourceTree = "<group>"; };
		3990B5A31F72687B00A58ACD /* ResultTests.swift */ = {isa = PBXFileReference; lastKnownFileType = sourcecode.swift; path = ResultTests.swift; sourceTree = "<group>"; };
		3990B5A51F726C6600A58ACD /* ColorTests.swift */ = {isa = PBXFileReference; lastKnownFileType = sourcecode.swift; path = ColorTests.swift; sourceTree = "<group>"; };
		39A665791F6C5297000FA88B /* Login.swift */ = {isa = PBXFileReference; lastKnownFileType = sourcecode.swift; path = Login.swift; sourceTree = "<group>"; };
		39A6657B1F6C5442000FA88B /* URLRequest.swift */ = {isa = PBXFileReference; lastKnownFileType = sourcecode.swift; path = URLRequest.swift; sourceTree = "<group>"; };
		39A6657D1F6C5CDF000FA88B /* LoginTests.swift */ = {isa = PBXFileReference; lastKnownFileType = sourcecode.swift; path = LoginTests.swift; sourceTree = "<group>"; };
		39B5315F1F66B031008EE183 /* BuildingComplexTests.swift */ = {isa = PBXFileReference; lastKnownFileType = sourcecode.swift; path = BuildingComplexTests.swift; sourceTree = "<group>"; };
		39B531611F66C128008EE183 /* Floor.swift */ = {isa = PBXFileReference; lastKnownFileType = sourcecode.swift; path = Floor.swift; sourceTree = "<group>"; };
		39B71CC61F6C625F00342208 /* Route.swift */ = {isa = PBXFileReference; lastKnownFileType = sourcecode.swift; path = Route.swift; sourceTree = "<group>"; };
		39B71CC81F6C671400342208 /* APIError.swift */ = {isa = PBXFileReference; lastKnownFileType = sourcecode.swift; path = APIError.swift; sourceTree = "<group>"; };
		39B71CCA1F6C89CC00342208 /* RouteTests.swift */ = {isa = PBXFileReference; lastKnownFileType = sourcecode.swift; path = RouteTests.swift; sourceTree = "<group>"; };
		39B71CCC1F6C8F1D00342208 /* Search.swift */ = {isa = PBXFileReference; lastKnownFileType = sourcecode.swift; path = Search.swift; sourceTree = "<group>"; };
		39B71CCE1F6C90B600342208 /* SearchTests.swift */ = {isa = PBXFileReference; lastKnownFileType = sourcecode.swift; path = SearchTests.swift; sourceTree = "<group>"; };
		39B976D11F706A6400F6F0AD /* CNResourceTests.swift */ = {isa = PBXFileReference; lastKnownFileType = sourcecode.swift; path = CNResourceTests.swift; sourceTree = "<group>"; };
		39B976D31F70795100F6F0AD /* String.swift */ = {isa = PBXFileReference; lastKnownFileType = sourcecode.swift; path = String.swift; sourceTree = "<group>"; };
		39C8ED201F72949F00AD3DE2 /* CampusTests.swift */ = {isa = PBXFileReference; lastKnownFileType = sourcecode.swift; path = CampusTests.swift; sourceTree = "<group>"; };
		39C8ED231F745E2D00AD3DE2 /* Int.swift */ = {isa = PBXFileReference; lastKnownFileType = sourcecode.swift; path = Int.swift; sourceTree = "<group>"; };
		39D25BCA1F6C94D900FAFDB6 /* CanteenMenu.swift */ = {isa = PBXFileReference; lastKnownFileType = sourcecode.swift; path = CanteenMenu.swift; sourceTree = "<group>"; };
		39D25BCC1F6C967F00FAFDB6 /* CanteenMenuTests.swift */ = {isa = PBXFileReference; lastKnownFileType = sourcecode.swift; path = CanteenMenuTests.swift; sourceTree = "<group>"; };
		39FA4AE81F75CD83003DF5F3 /* CNResourceRepresentable.swift */ = {isa = PBXFileReference; lastKnownFileType = sourcecode.swift; path = CNResourceRepresentable.swift; sourceTree = "<group>"; };
		"CNKit::CNKit::Product" /* CNKit.framework */ = {isa = PBXFileReference; explicitFileType = wrapper.framework; path = CNKit.framework; sourceTree = BUILT_PRODUCTS_DIR; };
		"CNKit::CNKitTests::Product" /* CNKitTests.xctest */ = {isa = PBXFileReference; lastKnownFileType = file; path = CNKitTests.xctest; sourceTree = BUILT_PRODUCTS_DIR; };
		OBJ_11 /* Config.swift */ = {isa = PBXFileReference; lastKnownFileType = sourcecode.swift; path = Config.swift; sourceTree = "<group>"; };
		OBJ_12 /* Error.swift */ = {isa = PBXFileReference; lastKnownFileType = sourcecode.swift; path = Error.swift; sourceTree = "<group>"; };
		OBJ_14 /* MKMapRect.swift */ = {isa = PBXFileReference; lastKnownFileType = sourcecode.swift; path = MKMapRect.swift; sourceTree = "<group>"; };
		OBJ_17 /* Building.swift */ = {isa = PBXFileReference; lastKnownFileType = sourcecode.swift; path = Building.swift; sourceTree = "<group>"; };
		OBJ_18 /* Campus.swift */ = {isa = PBXFileReference; lastKnownFileType = sourcecode.swift; path = Campus.swift; sourceTree = "<group>"; };
		OBJ_19 /* Hash.swift */ = {isa = PBXFileReference; lastKnownFileType = sourcecode.swift; path = Hash.swift; sourceTree = "<group>"; };
		OBJ_20 /* Result.swift */ = {isa = PBXFileReference; lastKnownFileType = sourcecode.swift; path = Result.swift; sourceTree = "<group>"; };
		OBJ_24 /* HashTests.swift */ = {isa = PBXFileReference; lastKnownFileType = sourcecode.swift; path = HashTests.swift; sourceTree = "<group>"; };
		OBJ_6 /* Package.swift */ = {isa = PBXFileReference; explicitFileType = sourcecode.swift; path = Package.swift; sourceTree = "<group>"; };
		OBJ_9 /* APIResource.swift */ = {isa = PBXFileReference; lastKnownFileType = sourcecode.swift; path = APIResource.swift; sourceTree = "<group>"; };
/* End PBXFileReference section */

/* Begin PBXFrameworksBuildPhase section */
		OBJ_42 /* Frameworks */ = {
			isa = PBXFrameworksBuildPhase;
			buildActionMask = 0;
			files = (
				OBJ_43 /* CNKit.framework in Frameworks */,
			);
			runOnlyForDeploymentPostprocessing = 0;
		};
		OBJ_60 /* Frameworks */ = {
			isa = PBXFrameworksBuildPhase;
			buildActionMask = 0;
			files = (
			);
			runOnlyForDeploymentPostprocessing = 0;
		};
/* End PBXFrameworksBuildPhase section */

/* Begin PBXGroup section */
		OBJ_13 /* Extensions */ = {
			isa = PBXGroup;
			children = (
				OBJ_14 /* MKMapRect.swift */,
				393F6FC41F69FA5F004D9BCC /* Color.swift */,
				39A6657B1F6C5442000FA88B /* URLRequest.swift */,
				39B976D31F70795100F6F0AD /* String.swift */,
				3990B5971F71332B00A58ACD /* URL.swift */,
				3990B5991F71350100A58ACD /* Dictionary.swift */,
				39C8ED231F745E2D00AD3DE2 /* Int.swift */,
			);
			path = Extensions;
			sourceTree = "<group>";
		};
		OBJ_15 /* AModels */ = {
			isa = PBXGroup;
			children = (
				OBJ_17 /* Building.swift */,
				39B531611F66C128008EE183 /* Floor.swift */,
				OBJ_18 /* Campus.swift */,
				OBJ_19 /* Hash.swift */,
				3981492E1F6A047800C6B9E3 /* Timetable.swift */,
				398149331F6A925A00C6B9E3 /* RoomInfo.swift */,
				398149351F6B233000C6B9E3 /* RoomType.swift */,
				39A665791F6C5297000FA88B /* Login.swift */,
				39B71CC61F6C625F00342208 /* Route.swift */,
				39B71CC81F6C671400342208 /* APIError.swift */,
				39B71CCC1F6C8F1D00342208 /* Search.swift */,
				39D25BCA1F6C94D900FAFDB6 /* CanteenMenu.swift */,
			);
			path = AModels;
			sourceTree = "<group>";
		};
		OBJ_21 /* Tests */ = {
			isa = PBXGroup;
			children = (
				OBJ_22 /* CNKitTests */,
			);
			name = Tests;
			sourceTree = SOURCE_ROOT;
		};
		OBJ_22 /* CNKitTests */ = {
			isa = PBXGroup;
			children = (
				OBJ_24 /* HashTests.swift */,
				39185D7B1F6608DF00003BDD /* AccessibilityInfoTests.swift */,
				39B5315F1F66B031008EE183 /* BuildingComplexTests.swift */,
				393F6FC21F69778C004D9BCC /* FloorTests.swift */,
				398149311F6A068300C6B9E3 /* TimetableTests.swift */,
				3973A3611F6BFB7E00ECE236 /* RoomInfoTests.swift */,
				39A6657D1F6C5CDF000FA88B /* LoginTests.swift */,
				39B71CCA1F6C89CC00342208 /* RouteTests.swift */,
				39B71CCE1F6C90B600342208 /* SearchTests.swift */,
				39D25BCC1F6C967F00FAFDB6 /* CanteenMenuTests.swift */,
				39B976D11F706A6400F6F0AD /* CNResourceTests.swift */,
				3990B59D1F71561C00A58ACD /* TilesTests.swift */,
				3990B59F1F7262E700A58ACD /* MKMapRectTests.swift */,
				3990B5A11F72661800A58ACD /* ErrorTests.swift */,
				3990B5A31F72687B00A58ACD /* ResultTests.swift */,
				3990B5A51F726C6600A58ACD /* ColorTests.swift */,
				39C8ED201F72949F00AD3DE2 /* CampusTests.swift */,
			);
			name = CNKitTests;
			path = Tests/CNKitTests;
			sourceTree = SOURCE_ROOT;
		};
		OBJ_26 /* Products */ = {
			isa = PBXGroup;
			children = (
				"CNKit::CNKitTests::Product" /* CNKitTests.xctest */,
				"CNKit::CNKit::Product" /* CNKit.framework */,
			);
			name = Products;
			sourceTree = BUILT_PRODUCTS_DIR;
		};
		OBJ_5 = {
			isa = PBXGroup;
			children = (
				39185D771F641D3200003BDD /* README.md */,
				OBJ_6 /* Package.swift */,
				OBJ_7 /* Sources */,
				OBJ_21 /* Tests */,
				OBJ_26 /* Products */,
			);
			sourceTree = "<group>";
		};
		OBJ_7 /* Sources */ = {
			isa = PBXGroup;
			children = (
				OBJ_8 /* CNKit */,
			);
			name = Sources;
			sourceTree = SOURCE_ROOT;
		};
		OBJ_8 /* CNKit */ = {
			isa = PBXGroup;
			children = (
				OBJ_9 /* APIResource.swift */,
				395B61701F76C1A900B76DA6 /* ResourceDecodable.swift */,
				OBJ_11 /* Config.swift */,
				OBJ_12 /* Error.swift */,
				OBJ_13 /* Extensions */,
				OBJ_15 /* AModels */,
				OBJ_20 /* Result.swift */,
				3973A35F1F6BF2D300ECE236 /* Trillian.swift */,
				397AB8111F6D3A4E00D402CC /* CNResource.swift */,
				39FA4AE81F75CD83003DF5F3 /* CNResourceRepresentable.swift */,
				3990B59B1F71538C00A58ACD /* Tiles.swift */,
			);
			name = CNKit;
			path = Sources/CNKit;
			sourceTree = SOURCE_ROOT;
		};
/* End PBXGroup section */

/* Begin PBXNativeTarget section */
		"CNKit::CNKit" /* CNKit */ = {
			isa = PBXNativeTarget;
			buildConfigurationList = OBJ_46 /* Build configuration list for PBXNativeTarget "CNKit" */;
			buildPhases = (
				OBJ_49 /* Sources */,
				OBJ_60 /* Frameworks */,
			);
			buildRules = (
			);
			dependencies = (
			);
			name = CNKit;
			productName = CNKit;
			productReference = "CNKit::CNKit::Product" /* CNKit.framework */;
			productType = "com.apple.product-type.framework";
		};
		"CNKit::CNKitTests" /* CNKitTests */ = {
			isa = PBXNativeTarget;
			buildConfigurationList = OBJ_36 /* Build configuration list for PBXNativeTarget "CNKitTests" */;
			buildPhases = (
				OBJ_39 /* Sources */,
				OBJ_42 /* Frameworks */,
			);
			buildRules = (
			);
			dependencies = (
				OBJ_44 /* PBXTargetDependency */,
			);
			name = CNKitTests;
			productName = CNKitTests;
			productReference = "CNKit::CNKitTests::Product" /* CNKitTests.xctest */;
			productType = "com.apple.product-type.bundle.unit-test";
		};
		"CNKit::SwiftPMPackageDescription" /* CNKitPackageDescription */ = {
			isa = PBXNativeTarget;
			buildConfigurationList = OBJ_30 /* Build configuration list for PBXNativeTarget "CNKitPackageDescription" */;
			buildPhases = (
				OBJ_33 /* Sources */,
			);
			buildRules = (
			);
			dependencies = (
			);
			name = CNKitPackageDescription;
			productName = CNKitPackageDescription;
			productType = "com.apple.product-type.framework";
		};
/* End PBXNativeTarget section */

/* Begin PBXProject section */
		OBJ_1 /* Project object */ = {
			isa = PBXProject;
			attributes = {
				LastUpgradeCheck = 9999;
			};
			buildConfigurationList = OBJ_2 /* Build configuration list for PBXProject "CNKit" */;
			compatibilityVersion = "Xcode 3.2";
			developmentRegion = English;
			hasScannedForEncodings = 0;
			knownRegions = (
				en,
			);
			mainGroup = OBJ_5;
			productRefGroup = OBJ_26 /* Products */;
			projectDirPath = "";
			projectRoot = "";
			targets = (
				"CNKit::SwiftPMPackageDescription" /* CNKitPackageDescription */,
				"CNKit::CNKitTests" /* CNKitTests */,
				"CNKit::CNKit" /* CNKit */,
				"CNKit::CNKitPackageTests::ProductTarget" /* CNKitPackageTests */,
			);
		};
/* End PBXProject section */

/* Begin PBXSourcesBuildPhase section */
		OBJ_33 /* Sources */ = {
			isa = PBXSourcesBuildPhase;
			buildActionMask = 0;
			files = (
				OBJ_34 /* Package.swift in Sources */,
			);
			runOnlyForDeploymentPostprocessing = 0;
		};
		OBJ_39 /* Sources */ = {
			isa = PBXSourcesBuildPhase;
			buildActionMask = 0;
			files = (
				398149321F6A068300C6B9E3 /* TimetableTests.swift in Sources */,
				3990B5A01F7262E700A58ACD /* MKMapRectTests.swift in Sources */,
				39B976D21F706A6400F6F0AD /* CNResourceTests.swift in Sources */,
				3990B5A41F72687B00A58ACD /* ResultTests.swift in Sources */,
				393F6FC31F69778C004D9BCC /* FloorTests.swift in Sources */,
				3990B5A21F72661800A58ACD /* ErrorTests.swift in Sources */,
				3973A3621F6BFB7E00ECE236 /* RoomInfoTests.swift in Sources */,
				39185D7C1F6608DF00003BDD /* AccessibilityInfoTests.swift in Sources */,
				OBJ_41 /* HashTests.swift in Sources */,
				39B71CCB1F6C89CC00342208 /* RouteTests.swift in Sources */,
				39C8ED211F72949F00AD3DE2 /* CampusTests.swift in Sources */,
				3990B59E1F71561C00A58ACD /* TilesTests.swift in Sources */,
				39B71CCF1F6C90B600342208 /* SearchTests.swift in Sources */,
				39D25BCD1F6C967F00FAFDB6 /* CanteenMenuTests.swift in Sources */,
				3990B5A61F726C6600A58ACD /* ColorTests.swift in Sources */,
				39A6657E1F6C5CDF000FA88B /* LoginTests.swift in Sources */,
				39B531601F66B031008EE183 /* BuildingComplexTests.swift in Sources */,
			);
			runOnlyForDeploymentPostprocessing = 0;
		};
		OBJ_49 /* Sources */ = {
			isa = PBXSourcesBuildPhase;
			buildActionMask = 0;
			files = (
				397AB8121F6D3A4E00D402CC /* CNResource.swift in Sources */,
				39C8ED241F745E2D00AD3DE2 /* Int.swift in Sources */,
				3973A3601F6BF2D300ECE236 /* Trillian.swift in Sources */,
				39B531621F66C128008EE183 /* Floor.swift in Sources */,
				OBJ_50 /* APIResource.swift in Sources */,
				398149341F6A925A00C6B9E3 /* RoomInfo.swift in Sources */,
				OBJ_52 /* Config.swift in Sources */,
				393F6FC51F69FA5F004D9BCC /* Color.swift in Sources */,
				39A6657A1F6C5297000FA88B /* Login.swift in Sources */,
				395B61711F76C1A900B76DA6 /* ResourceDecodable.swift in Sources */,
				39D25BCB1F6C94D900FAFDB6 /* CanteenMenu.swift in Sources */,
				39A6657C1F6C5442000FA88B /* URLRequest.swift in Sources */,
				3990B5981F71332B00A58ACD /* URL.swift in Sources */,
				OBJ_53 /* Error.swift in Sources */,
				39B71CC71F6C625F00342208 /* Route.swift in Sources */,
				39FA4AE91F75CD83003DF5F3 /* CNResourceRepresentable.swift in Sources */,
				39B976D41F70795100F6F0AD /* String.swift in Sources */,
				39185D781F658E0A00003BDD /* Campus.swift in Sources */,
				398149301F6A048100C6B9E3 /* Timetable.swift in Sources */,
				39B71CCD1F6C8F1D00342208 /* Search.swift in Sources */,
				3990B59A1F71350100A58ACD /* Dictionary.swift in Sources */,
				3990B59C1F71538C00A58ACD /* Tiles.swift in Sources */,
				OBJ_54 /* MKMapRect.swift in Sources */,
				OBJ_58 /* Hash.swift in Sources */,
				OBJ_59 /* Result.swift in Sources */,
				39185D791F658E0E00003BDD /* Building.swift in Sources */,
				398149361F6B233000C6B9E3 /* RoomType.swift in Sources */,
				39B71CC91F6C671400342208 /* APIError.swift in Sources */,
			);
			runOnlyForDeploymentPostprocessing = 0;
		};
/* End PBXSourcesBuildPhase section */

/* Begin PBXTargetDependency section */
		OBJ_44 /* PBXTargetDependency */ = {
			isa = PBXTargetDependency;
			target = "CNKit::CNKit" /* CNKit */;
			targetProxy = 39185D751F641AC900003BDD /* PBXContainerItemProxy */;
		};
		OBJ_65 /* PBXTargetDependency */ = {
			isa = PBXTargetDependency;
			target = "CNKit::CNKitTests" /* CNKitTests */;
			targetProxy = 39185D761F641AC900003BDD /* PBXContainerItemProxy */;
		};
/* End PBXTargetDependency section */

/* Begin XCBuildConfiguration section */
		OBJ_3 /* Debug */ = {
			isa = XCBuildConfiguration;
			buildSettings = {
				CLANG_ENABLE_OBJC_ARC = YES;
				COMBINE_HIDPI_IMAGES = YES;
				COPY_PHASE_STRIP = NO;
				DEBUG_INFORMATION_FORMAT = dwarf;
				DYLIB_INSTALL_NAME_BASE = "@rpath";
				ENABLE_NS_ASSERTIONS = YES;
				GCC_OPTIMIZATION_LEVEL = 0;
				IPHONEOS_DEPLOYMENT_TARGET = 8.0;
				MACOSX_DEPLOYMENT_TARGET = 10.10;
				ONLY_ACTIVE_ARCH = YES;
				OTHER_SWIFT_FLAGS = "-DXcode";
				PRODUCT_NAME = "$(TARGET_NAME)";
				SDKROOT = macosx;
				SUPPORTED_PLATFORMS = "macosx iphoneos iphonesimulator appletvos appletvsimulator watchos watchsimulator";
				SWIFT_ACTIVE_COMPILATION_CONDITIONS = SWIFT_PACKAGE;
				SWIFT_OPTIMIZATION_LEVEL = "-Onone";
				TVOS_DEPLOYMENT_TARGET = 9.2;
				USE_HEADERMAP = NO;
				WATCHOS_DEPLOYMENT_TARGET = 2.0;
			};
			name = Debug;
		};
		OBJ_31 /* Debug */ = {
			isa = XCBuildConfiguration;
			buildSettings = {
				LD = /usr/bin/true;
				OTHER_SWIFT_FLAGS = "-swift-version 4 -I /Applications/Xcode-beta.app/Contents/Developer/Toolchains/XcodeDefault.xctoolchain/usr/lib/swift/pm/4 -target x86_64-apple-macosx10.10 -sdk /Applications/Xcode-beta.app/Contents/Developer/Platforms/MacOSX.platform/Developer/SDKs/MacOSX10.13.sdk";
				SWIFT_VERSION = 4.0;
			};
			name = Debug;
		};
		OBJ_32 /* Release */ = {
			isa = XCBuildConfiguration;
			buildSettings = {
				LD = /usr/bin/true;
				OTHER_SWIFT_FLAGS = "-swift-version 4 -I /Applications/Xcode-beta.app/Contents/Developer/Toolchains/XcodeDefault.xctoolchain/usr/lib/swift/pm/4 -target x86_64-apple-macosx10.10 -sdk /Applications/Xcode-beta.app/Contents/Developer/Platforms/MacOSX.platform/Developer/SDKs/MacOSX10.13.sdk";
				SWIFT_VERSION = 4.0;
			};
			name = Release;
		};
		OBJ_37 /* Debug */ = {
			isa = XCBuildConfiguration;
			buildSettings = {
				EMBEDDED_CONTENT_CONTAINS_SWIFT = YES;
				FRAMEWORK_SEARCH_PATHS = (
					"$(inherited)",
					"$(PLATFORM_DIR)/Developer/Library/Frameworks",
				);
				HEADER_SEARCH_PATHS = "$(inherited)";
				INFOPLIST_FILE = CNKit.xcodeproj/CNKitTests_Info.plist;
				LD_RUNPATH_SEARCH_PATHS = "@loader_path/../Frameworks @loader_path/Frameworks";
				OTHER_LDFLAGS = "$(inherited)";
				OTHER_SWIFT_FLAGS = "$(inherited)";
				SWIFT_VERSION = 4.0;
				TARGET_NAME = CNKitTests;
			};
			name = Debug;
		};
		OBJ_38 /* Release */ = {
			isa = XCBuildConfiguration;
			buildSettings = {
				EMBEDDED_CONTENT_CONTAINS_SWIFT = YES;
				FRAMEWORK_SEARCH_PATHS = (
					"$(inherited)",
					"$(PLATFORM_DIR)/Developer/Library/Frameworks",
				);
				HEADER_SEARCH_PATHS = "$(inherited)";
				INFOPLIST_FILE = CNKit.xcodeproj/CNKitTests_Info.plist;
				LD_RUNPATH_SEARCH_PATHS = "@loader_path/../Frameworks @loader_path/Frameworks";
				OTHER_LDFLAGS = "$(inherited)";
				OTHER_SWIFT_FLAGS = "$(inherited)";
				SWIFT_VERSION = 4.0;
				TARGET_NAME = CNKitTests;
			};
			name = Release;
		};
		OBJ_4 /* Release */ = {
			isa = XCBuildConfiguration;
			buildSettings = {
				CLANG_ENABLE_OBJC_ARC = YES;
				COMBINE_HIDPI_IMAGES = YES;
				COPY_PHASE_STRIP = YES;
				DEBUG_INFORMATION_FORMAT = "dwarf-with-dsym";
				DYLIB_INSTALL_NAME_BASE = "@rpath";
				GCC_OPTIMIZATION_LEVEL = s;
				IPHONEOS_DEPLOYMENT_TARGET = 8.0;
				MACOSX_DEPLOYMENT_TARGET = 10.10;
				OTHER_SWIFT_FLAGS = "-DXcode";
				PRODUCT_NAME = "$(TARGET_NAME)";
				SDKROOT = macosx;
				SUPPORTED_PLATFORMS = "macosx iphoneos iphonesimulator appletvos appletvsimulator watchos watchsimulator";
				SWIFT_ACTIVE_COMPILATION_CONDITIONS = SWIFT_PACKAGE;
				SWIFT_OPTIMIZATION_LEVEL = "-Owholemodule";
				TVOS_DEPLOYMENT_TARGET = 9.2;
				USE_HEADERMAP = NO;
				WATCHOS_DEPLOYMENT_TARGET = 2.0;
			};
			name = Release;
		};
		OBJ_47 /* Debug */ = {
			isa = XCBuildConfiguration;
			buildSettings = {
				ENABLE_TESTABILITY = YES;
				FRAMEWORK_SEARCH_PATHS = (
					"$(inherited)",
					"$(PLATFORM_DIR)/Developer/Library/Frameworks",
				);
				HEADER_SEARCH_PATHS = "$(inherited)";
				INFOPLIST_FILE = CNKit.xcodeproj/CNKit_Info.plist;
				LD_RUNPATH_SEARCH_PATHS = "$(TOOLCHAIN_DIR)/usr/lib/swift/macosx";
				OTHER_LDFLAGS = "$(inherited)";
				OTHER_SWIFT_FLAGS = "$(inherited)";
				PRODUCT_BUNDLE_IDENTIFIER = CNKit;
				PRODUCT_MODULE_NAME = "$(TARGET_NAME:c99extidentifier)";
				PRODUCT_NAME = "$(TARGET_NAME:c99extidentifier)";
				SKIP_INSTALL = YES;
				SWIFT_VERSION = 4.0;
				TARGET_NAME = CNKit;
			};
			name = Debug;
		};
		OBJ_48 /* Release */ = {
			isa = XCBuildConfiguration;
			buildSettings = {
				ENABLE_TESTABILITY = YES;
				FRAMEWORK_SEARCH_PATHS = (
					"$(inherited)",
					"$(PLATFORM_DIR)/Developer/Library/Frameworks",
				);
				HEADER_SEARCH_PATHS = "$(inherited)";
				INFOPLIST_FILE = CNKit.xcodeproj/CNKit_Info.plist;
				LD_RUNPATH_SEARCH_PATHS = "$(TOOLCHAIN_DIR)/usr/lib/swift/macosx";
				OTHER_LDFLAGS = "$(inherited)";
				OTHER_SWIFT_FLAGS = "$(inherited)";
				PRODUCT_BUNDLE_IDENTIFIER = CNKit;
				PRODUCT_MODULE_NAME = "$(TARGET_NAME:c99extidentifier)";
				PRODUCT_NAME = "$(TARGET_NAME:c99extidentifier)";
				SKIP_INSTALL = YES;
				SWIFT_VERSION = 4.0;
				TARGET_NAME = CNKit;
			};
			name = Release;
		};
		OBJ_63 /* Debug */ = {
			isa = XCBuildConfiguration;
			buildSettings = {
			};
			name = Debug;
		};
		OBJ_64 /* Release */ = {
			isa = XCBuildConfiguration;
			buildSettings = {
			};
			name = Release;
		};
/* End XCBuildConfiguration section */

/* Begin XCConfigurationList section */
		OBJ_2 /* Build configuration list for PBXProject "CNKit" */ = {
			isa = XCConfigurationList;
			buildConfigurations = (
				OBJ_3 /* Debug */,
				OBJ_4 /* Release */,
			);
			defaultConfigurationIsVisible = 0;
			defaultConfigurationName = Debug;
		};
		OBJ_30 /* Build configuration list for PBXNativeTarget "CNKitPackageDescription" */ = {
			isa = XCConfigurationList;
			buildConfigurations = (
				OBJ_31 /* Debug */,
				OBJ_32 /* Release */,
			);
			defaultConfigurationIsVisible = 0;
			defaultConfigurationName = Debug;
		};
		OBJ_36 /* Build configuration list for PBXNativeTarget "CNKitTests" */ = {
			isa = XCConfigurationList;
			buildConfigurations = (
				OBJ_37 /* Debug */,
				OBJ_38 /* Release */,
			);
			defaultConfigurationIsVisible = 0;
			defaultConfigurationName = Debug;
		};
		OBJ_46 /* Build configuration list for PBXNativeTarget "CNKit" */ = {
			isa = XCConfigurationList;
			buildConfigurations = (
				OBJ_47 /* Debug */,
				OBJ_48 /* Release */,
			);
			defaultConfigurationIsVisible = 0;
			defaultConfigurationName = Debug;
		};
		OBJ_62 /* Build configuration list for PBXAggregateTarget "CNKitPackageTests" */ = {
			isa = XCConfigurationList;
			buildConfigurations = (
				OBJ_63 /* Debug */,
				OBJ_64 /* Release */,
			);
			defaultConfigurationIsVisible = 0;
			defaultConfigurationName = Debug;
		};
/* End XCConfigurationList section */
	};
	rootObject = OBJ_1 /* Project object */;
}
